{
  "nodes": {
    "javacheck": {
      "flake": false,
      "locked": {
        "lastModified": 1764083590,
        "narHash": "sha256-pHYcb2aZArXMKvQRfCBJVkyPfuvRpbvBNzWu3EL4JGE=",
        "owner": "Project-Tick",
        "repo": "javacheck",
        "rev": "1d7242060d28631d85be6bcf9fca0b55b2cb1c67",
        "type": "github"
      },
      "original": {
        "owner": "Project-Tick",
        "repo": "javacheck",
        "type": "github"
      }
    },
    "launcher": {
      "flake": false,
      "locked": {
        "lastModified": 1764097990,
        "narHash": "sha256-37SirF5/X2bD/BDPmA3+AjwR75JoD0M8fQ5vTsS0R/U=",
        "owner": "Project-Tick",
        "repo": "PTLLauncherSM",
        "rev": "cbfb11d035e5833d580f897d028486d26cdd2c1d",
        "type": "github"
      },
      "original": {
        "owner": "Project-Tick",
        "repo": "PTLLauncherSM",
        "type": "github"
      }
    },
    "libnbtplusplus": {
      "flake": false,
      "locked": {
        "lastModified": 1764177458,
        "narHash": "sha256-EKhBU8O4q565VMae2Wf0WPQaYtGIIh3Qzv1q1X/OjC0=",
        "owner": "Project-Tick",
        "repo": "libnbtplusplus",
        "rev": "c982ae30fc72447033700dce361d3426a0a8fb74",
        "type": "github"
      },
      "original": {
        "owner": "Project-Tick",
        "repo": "libnbtplusplus",
        "type": "github"
      }
    },
    "nixpkgs": {
      "locked": {
        "lastModified": 1765472234,
        "narHash": "sha256-9VvC20PJPsleGMewwcWYKGzDIyjckEz8uWmT0vCDYK0=",
        "owner": "NixOS",
        "repo": "nixpkgs",
        "rev": "2fbfb1d73d239d2402a8fe03963e37aab15abe8b",
        "type": "github"
      },
      "original": {
        "owner": "NixOS",
        "ref": "nixos-unstable",
        "repo": "nixpkgs",
        "type": "github"
      }
    },
    "qrcodegenerator": {
      "flake": false,
      "locked": {
        "lastModified": 1737616857,
        "narHash": "sha256-6SugPt0lp1Gz7nV23FLmsmpfzgFItkSw7jpGftsDPWc=",
        "owner": "nayuki",
        "repo": "QR-Code-generator",
        "rev": "2c9044de6b049ca25cb3cd1649ed7e27aa055138",
        "type": "github"
      },
      "original": {
        "owner": "nayuki",
        "repo": "QR-Code-generator",
        "type": "github"
      }
    },
    "root": {
      "inputs": {
        "javacheck": "javacheck",
        "launcher": "launcher",
        "libnbtplusplus": "libnbtplusplus",
        "nixpkgs": "nixpkgs",
        "qrcodegenerator": "qrcodegenerator"
      }
    }
  },
  "root": "root",
  "version": 7
}
